
Microsoft Visual Studio Solution File, Format Version 12.00
# Visual Studio Version 17
VisualStudioVersion = 17.9.34622.214
MinimumVisualStudioVersion = 10.0.40219.1
Project("{FAE04EC0-301F-11D3-BF4B-00C04F79EFBC}") = "WinFormsApp1", "WinFormsApp1\WinFormsApp1.csproj", "{A07E728E-57CB-4705-A3F9-E701E540FB38}"
EndProject
Global
	GlobalSection(SolutionConfigurationPlatforms) = preSolution
		Debug|Any CPU = Debug|Any CPU
		Release|Any CPU = Release|Any CPU
	EndGlobalSection
	GlobalSection(ProjectConfigurationPlatforms) = postSolution
		{A07E728E-57CB-4705-A3F9-E701E540FB38}.Debug|Any CPU.ActiveCfg = Debug|Any CPU
		{A07E728E-57CB-4705-A3F9-E701E540FB38}.Debug|Any CPU.Build.0 = Debug|Any CPU
		{A07E728E-57CB-4705-A3F9-E701E540FB38}.Release|Any CPU.ActiveCfg = Release|Any CPU
		{A07E728E-57CB-4705-A3F9-E701E540FB38}.Release|Any CPU.Build.0 = Release|Any CPU
	EndGlobalSection
	GlobalSection(SolutionProperties) = preSolution
		HideSolutionNode = FALSE
	EndGlobalSection
	GlobalSection(ExtensibilityGlobals) = postSolution
		SolutionGuid = {BCCA38C2-C562-402F-B2D0-C027194C5DE4}
	EndGlobalSection
EndGlobal
